// !$*UTF8*$!
{
	archiveVersion = 1;
	classes = {
	};
	objectVersion = 46;
	objects = {

/* Begin PBXBuildFile section */
		6AAD62AA15FBF526388CD960 /* Pods_ProyectoIOSFinal.framework in Frameworks */ = {isa = PBXBuildFile; fileRef = 77CFE552C32CD7A06262F128 /* Pods_ProyectoIOSFinal.framework */; };
		C836A7EC1EB3BD1C00498C11 /* AppDelegate.swift in Sources */ = {isa = PBXBuildFile; fileRef = C836A7EB1EB3BD1C00498C11 /* AppDelegate.swift */; };
		C836A7EE1EB3BD1D00498C11 /* ViewController.swift in Sources */ = {isa = PBXBuildFile; fileRef = C836A7ED1EB3BD1D00498C11 /* ViewController.swift */; };
		C836A7F11EB3BD1E00498C11 /* Main.storyboard in Resources */ = {isa = PBXBuildFile; fileRef = C836A7EF1EB3BD1E00498C11 /* Main.storyboard */; };
		C836A7F41EB3BD1F00498C11 /* ProyectoIOSFinal.xcdatamodeld in Sources */ = {isa = PBXBuildFile; fileRef = C836A7F21EB3BD1E00498C11 /* ProyectoIOSFinal.xcdatamodeld */; };
		C836A7F61EB3BD1F00498C11 /* Assets.xcassets in Resources */ = {isa = PBXBuildFile; fileRef = C836A7F51EB3BD1F00498C11 /* Assets.xcassets */; };
		C836A7F91EB3BD1F00498C11 /* LaunchScreen.storyboard in Resources */ = {isa = PBXBuildFile; fileRef = C836A7F71EB3BD1F00498C11 /* LaunchScreen.storyboard */; };
		C836A8041EB3BD2000498C11 /* ProyectoIOSFinalTests.swift in Sources */ = {isa = PBXBuildFile; fileRef = C836A8031EB3BD2000498C11 /* ProyectoIOSFinalTests.swift */; };
		C836A80F1EB3BD2000498C11 /* ProyectoIOSFinalUITests.swift in Sources */ = {isa = PBXBuildFile; fileRef = C836A80E1EB3BD2000498C11 /* ProyectoIOSFinalUITests.swift */; };
		C836A8211EB3C01D00498C11 /* ProductosEnt.swift in Sources */ = {isa = PBXBuildFile; fileRef = C836A8201EB3C01D00498C11 /* ProductosEnt.swift */; };
		C85169281EB3D4B2002B6FE0 /* ListarProductosWS.swift in Sources */ = {isa = PBXBuildFile; fileRef = C85169271EB3D4B2002B6FE0 /* ListarProductosWS.swift */; };
		C851692C1EB3DCC2002B6FE0 /* itemCell.swift in Sources */ = {isa = PBXBuildFile; fileRef = C851692B1EB3DCC2002B6FE0 /* itemCell.swift */; };
		C8A64F411EB3E9C9004BFCF2 /* CompraEnt.swift in Sources */ = {isa = PBXBuildFile; fileRef = C8A64F401EB3E9C9004BFCF2 /* CompraEnt.swift */; };
		C8A64F431EB3EFCE004BFCF2 /* itemCompra.swift in Sources */ = {isa = PBXBuildFile; fileRef = C8A64F421EB3EFCE004BFCF2 /* itemCompra.swift */; };
		C8A64F451EB3F39F004BFCF2 /* ComprasTableViewController.swift in Sources */ = {isa = PBXBuildFile; fileRef = C8A64F441EB3F39F004BFCF2 /* ComprasTableViewController.swift */; };
		C8FB10E31EB6C42C00D09B08 /* MapaViewController.swift in Sources */ = {isa = PBXBuildFile; fileRef = C8FB10E21EB6C42C00D09B08 /* MapaViewController.swift */; };
		C8FB10E51EB6C77300D09B08 /* Marcador.swift in Sources */ = {isa = PBXBuildFile; fileRef = C8FB10E41EB6C77300D09B08 /* Marcador.swift */; };
		C8FB10E71EB6C8C300D09B08 /* ListarTiendasWS.swift in Sources */ = {isa = PBXBuildFile; fileRef = C8FB10E61EB6C8C200D09B08 /* ListarTiendasWS.swift */; };
		C8FB10E91EB6C91A00D09B08 /* TiendasEnt.swift in Sources */ = {isa = PBXBuildFile; fileRef = C8FB10E81EB6C91A00D09B08 /* TiendasEnt.swift */; };
		C8FB10EB1EB6D14900D09B08 /* ListarUsuariosWS.swift in Sources */ = {isa = PBXBuildFile; fileRef = C8FB10EA1EB6D14800D09B08 /* ListarUsuariosWS.swift */; };
		C8FB10ED1EB6D15E00D09B08 /* UsuariosEnt.swift in Sources */ = {isa = PBXBuildFile; fileRef = C8FB10EC1EB6D15E00D09B08 /* UsuariosEnt.swift */; };
		C8FB10EF1EB6D28700D09B08 /* producto.jpg in Resources */ = {isa = PBXBuildFile; fileRef = C8FB10EE1EB6D28600D09B08 /* producto.jpg */; };
/* End PBXBuildFile section */

/* Begin PBXContainerItemProxy section */
		C836A8001EB3BD2000498C11 /* PBXContainerItemProxy */ = {
			isa = PBXContainerItemProxy;
			containerPortal = C836A7E01EB3BD1B00498C11 /* Project object */;
			proxyType = 1;
			remoteGlobalIDString = C836A7E71EB3BD1C00498C11;
			remoteInfo = ProyectoIOSFinal;
		};
		C836A80B1EB3BD2000498C11 /* PBXContainerItemProxy */ = {
			isa = PBXContainerItemProxy;
			containerPortal = C836A7E01EB3BD1B00498C11 /* Project object */;
			proxyType = 1;
			remoteGlobalIDString = C836A7E71EB3BD1C00498C11;
			remoteInfo = ProyectoIOSFinal;
		};
/* End PBXContainerItemProxy section */

/* Begin PBXFileReference section */
		273611B44457372A3D85A759 /* Pods-ProyectoIOSFinal.debug.xcconfig */ = {isa = PBXFileReference; includeInIndex = 1; lastKnownFileType = text.xcconfig; name = "Pods-ProyectoIOSFinal.debug.xcconfig"; path = "Pods/Target Support Files/Pods-ProyectoIOSFinal/Pods-ProyectoIOSFinal.debug.xcconfig"; sourceTree = "<group>"; };
		77CFE552C32CD7A06262F128 /* Pods_ProyectoIOSFinal.framework */ = {isa = PBXFileReference; explicitFileType = wrapper.framework; includeInIndex = 0; path = Pods_ProyectoIOSFinal.framework; sourceTree = BUILT_PRODUCTS_DIR; };
		C836A7E81EB3BD1C00498C11 /* ProyectoIOSFinal.app */ = {isa = PBXFileReference; explicitFileType = wrapper.application; includeInIndex = 0; path = ProyectoIOSFinal.app; sourceTree = BUILT_PRODUCTS_DIR; };
		C836A7EB1EB3BD1C00498C11 /* AppDelegate.swift */ = {isa = PBXFileReference; lastKnownFileType = sourcecode.swift; path = AppDelegate.swift; sourceTree = "<group>"; };
		C836A7ED1EB3BD1D00498C11 /* ViewController.swift */ = {isa = PBXFileReference; lastKnownFileType = sourcecode.swift; path = ViewController.swift; sourceTree = "<group>"; };
		C836A7F01EB3BD1E00498C11 /* Base */ = {isa = PBXFileReference; lastKnownFileType = file.storyboard; name = Base; path = Base.lproj/Main.storyboard; sourceTree = "<group>"; };
		C836A7F31EB3BD1E00498C11 /* ProyectoIOSFinal.xcdatamodel */ = {isa = PBXFileReference; lastKnownFileType = wrapper.xcdatamodel; path = ProyectoIOSFinal.xcdatamodel; sourceTree = "<group>"; };
		C836A7F51EB3BD1F00498C11 /* Assets.xcassets */ = {isa = PBXFileReference; lastKnownFileType = folder.assetcatalog; path = Assets.xcassets; sourceTree = "<group>"; };
		C836A7F81EB3BD1F00498C11 /* Base */ = {isa = PBXFileReference; lastKnownFileType = file.storyboard; name = Base; path = Base.lproj/LaunchScreen.storyboard; sourceTree = "<group>"; };
		C836A7FA1EB3BD1F00498C11 /* Info.plist */ = {isa = PBXFileReference; lastKnownFileType = text.plist.xml; path = Info.plist; sourceTree = "<group>"; };
		C836A7FF1EB3BD2000498C11 /* ProyectoIOSFinalTests.xctest */ = {isa = PBXFileReference; explicitFileType = wrapper.cfbundle; includeInIndex = 0; path = ProyectoIOSFinalTests.xctest; sourceTree = BUILT_PRODUCTS_DIR; };
		C836A8031EB3BD2000498C11 /* ProyectoIOSFinalTests.swift */ = {isa = PBXFileReference; lastKnownFileType = sourcecode.swift; path = ProyectoIOSFinalTests.swift; sourceTree = "<group>"; };
		C836A8051EB3BD2000498C11 /* Info.plist */ = {isa = PBXFileReference; lastKnownFileType = text.plist.xml; path = Info.plist; sourceTree = "<group>"; };
		C836A80A1EB3BD2000498C11 /* ProyectoIOSFinalUITests.xctest */ = {isa = PBXFileReference; explicitFileType = wrapper.cfbundle; includeInIndex = 0; path = ProyectoIOSFinalUITests.xctest; sourceTree = BUILT_PRODUCTS_DIR; };
		C836A80E1EB3BD2000498C11 /* ProyectoIOSFinalUITests.swift */ = {isa = PBXFileReference; lastKnownFileType = sourcecode.swift; path = ProyectoIOSFinalUITests.swift; sourceTree = "<group>"; };
		C836A8101EB3BD2000498C11 /* Info.plist */ = {isa = PBXFileReference; lastKnownFileType = text.plist.xml; path = Info.plist; sourceTree = "<group>"; };
		C836A8201EB3C01D00498C11 /* ProductosEnt.swift */ = {isa = PBXFileReference; fileEncoding = 4; lastKnownFileType = sourcecode.swift; path = ProductosEnt.swift; sourceTree = "<group>"; };
		C85169241EB3D449002B6FE0 /* ProyectoIOSFinal-Bridging-Header.h */ = {isa = PBXFileReference; lastKnownFileType = sourcecode.c.h; path = "ProyectoIOSFinal-Bridging-Header.h"; sourceTree = "<group>"; };
		C85169271EB3D4B2002B6FE0 /* ListarProductosWS.swift */ = {isa = PBXFileReference; fileEncoding = 4; lastKnownFileType = sourcecode.swift; path = ListarProductosWS.swift; sourceTree = "<group>"; };
		C851692B1EB3DCC2002B6FE0 /* itemCell.swift */ = {isa = PBXFileReference; fileEncoding = 4; lastKnownFileType = sourcecode.swift; path = itemCell.swift; sourceTree = "<group>"; };
		C8A64F401EB3E9C9004BFCF2 /* CompraEnt.swift */ = {isa = PBXFileReference; fileEncoding = 4; lastKnownFileType = sourcecode.swift; path = CompraEnt.swift; sourceTree = "<group>"; };
		C8A64F421EB3EFCE004BFCF2 /* itemCompra.swift */ = {isa = PBXFileReference; fileEncoding = 4; lastKnownFileType = sourcecode.swift; path = itemCompra.swift; sourceTree = "<group>"; };
		C8A64F441EB3F39F004BFCF2 /* ComprasTableViewController.swift */ = {isa = PBXFileReference; fileEncoding = 4; lastKnownFileType = sourcecode.swift; path = ComprasTableViewController.swift; sourceTree = "<group>"; };
		C8FB10E21EB6C42C00D09B08 /* MapaViewController.swift */ = {isa = PBXFileReference; fileEncoding = 4; lastKnownFileType = sourcecode.swift; path = MapaViewController.swift; sourceTree = "<group>"; };
		C8FB10E41EB6C77300D09B08 /* Marcador.swift */ = {isa = PBXFileReference; fileEncoding = 4; lastKnownFileType = sourcecode.swift; path = Marcador.swift; sourceTree = "<group>"; };
		C8FB10E61EB6C8C200D09B08 /* ListarTiendasWS.swift */ = {isa = PBXFileReference; fileEncoding = 4; lastKnownFileType = sourcecode.swift; path = ListarTiendasWS.swift; sourceTree = "<group>"; };
		C8FB10E81EB6C91A00D09B08 /* TiendasEnt.swift */ = {isa = PBXFileReference; fileEncoding = 4; lastKnownFileType = sourcecode.swift; path = TiendasEnt.swift; sourceTree = "<group>"; };
		C8FB10EA1EB6D14800D09B08 /* ListarUsuariosWS.swift */ = {isa = PBXFileReference; fileEncoding = 4; lastKnownFileType = sourcecode.swift; path = ListarUsuariosWS.swift; sourceTree = "<group>"; };
		C8FB10EC1EB6D15E00D09B08 /* UsuariosEnt.swift */ = {isa = PBXFileReference; fileEncoding = 4; lastKnownFileType = sourcecode.swift; path = UsuariosEnt.swift; sourceTree = "<group>"; };
		C8FB10EE1EB6D28600D09B08 /* producto.jpg */ = {isa = PBXFileReference; lastKnownFileType = image.jpeg; path = producto.jpg; sourceTree = "<group>"; };
		F4C74E80EA72B412A4C906D5 /* Pods-ProyectoIOSFinal.release.xcconfig */ = {isa = PBXFileReference; includeInIndex = 1; lastKnownFileType = text.xcconfig; name = "Pods-ProyectoIOSFinal.release.xcconfig"; path = "Pods/Target Support Files/Pods-ProyectoIOSFinal/Pods-ProyectoIOSFinal.release.xcconfig"; sourceTree = "<group>"; };
/* End PBXFileReference section */

/* Begin PBXFrameworksBuildPhase section */
		C836A7E51EB3BD1C00498C11 /* Frameworks */ = {
			isa = PBXFrameworksBuildPhase;
			buildActionMask = 2147483647;
			files = (
				6AAD62AA15FBF526388CD960 /* Pods_ProyectoIOSFinal.framework in Frameworks */,
			);
			runOnlyForDeploymentPostprocessing = 0;
		};
		C836A7FC1EB3BD2000498C11 /* Frameworks */ = {
			isa = PBXFrameworksBuildPhase;
			buildActionMask = 2147483647;
			files = (
			);
			runOnlyForDeploymentPostprocessing = 0;
		};
		C836A8071EB3BD2000498C11 /* Frameworks */ = {
			isa = PBXFrameworksBuildPhase;
			buildActionMask = 2147483647;
			files = (
			);
			runOnlyForDeploymentPostprocessing = 0;
		};
/* End PBXFrameworksBuildPhase section */

/* Begin PBXGroup section */
		319F253B151512580B382E20 /* Frameworks */ = {
			isa = PBXGroup;
			children = (
				77CFE552C32CD7A06262F128 /* Pods_ProyectoIOSFinal.framework */,
			);
			name = Frameworks;
			sourceTree = "<group>";
		};
		B6B2E08D24FE4938C6543D3A /* Pods */ = {
			isa = PBXGroup;
			children = (
				273611B44457372A3D85A759 /* Pods-ProyectoIOSFinal.debug.xcconfig */,
				F4C74E80EA72B412A4C906D5 /* Pods-ProyectoIOSFinal.release.xcconfig */,
			);
			name = Pods;
			sourceTree = "<group>";
		};
		C836A7DF1EB3BD1B00498C11 = {
			isa = PBXGroup;
			children = (
				C836A7EA1EB3BD1C00498C11 /* ProyectoIOSFinal */,
				C836A8021EB3BD2000498C11 /* ProyectoIOSFinalTests */,
				C836A80D1EB3BD2000498C11 /* ProyectoIOSFinalUITests */,
				C836A7E91EB3BD1C00498C11 /* Products */,
				B6B2E08D24FE4938C6543D3A /* Pods */,
				319F253B151512580B382E20 /* Frameworks */,
			);
			sourceTree = "<group>";
		};
		C836A7E91EB3BD1C00498C11 /* Products */ = {
			isa = PBXGroup;
			children = (
				C836A7E81EB3BD1C00498C11 /* ProyectoIOSFinal.app */,
				C836A7FF1EB3BD2000498C11 /* ProyectoIOSFinalTests.xctest */,
				C836A80A1EB3BD2000498C11 /* ProyectoIOSFinalUITests.xctest */,
			);
			name = Products;
			sourceTree = "<group>";
		};
		C836A7EA1EB3BD1C00498C11 /* ProyectoIOSFinal */ = {
			isa = PBXGroup;
			children = (
				C836A81F1EB3BFC000498C11 /* Vistas */,
				C836A81E1EB3BFAE00498C11 /* Controladores */,
				C836A81D1EB3BF9A00498C11 /* Servicios Web */,
				C836A81C1EB3BF9100498C11 /* Entidades */,
				C836A7EB1EB3BD1C00498C11 /* AppDelegate.swift */,
				C8FB10EE1EB6D28600D09B08 /* producto.jpg */,
				C836A7F51EB3BD1F00498C11 /* Assets.xcassets */,
				C836A7F71EB3BD1F00498C11 /* LaunchScreen.storyboard */,
				C836A7FA1EB3BD1F00498C11 /* Info.plist */,
				C836A7F21EB3BD1E00498C11 /* ProyectoIOSFinal.xcdatamodeld */,
				C85169241EB3D449002B6FE0 /* ProyectoIOSFinal-Bridging-Header.h */,
				C8FB10E41EB6C77300D09B08 /* Marcador.swift */,
			);
			path = ProyectoIOSFinal;
			sourceTree = "<group>";
		};
		C836A8021EB3BD2000498C11 /* ProyectoIOSFinalTests */ = {
			isa = PBXGroup;
			children = (
				C836A8031EB3BD2000498C11 /* ProyectoIOSFinalTests.swift */,
				C836A8051EB3BD2000498C11 /* Info.plist */,
			);
			path = ProyectoIOSFinalTests;
			sourceTree = "<group>";
		};
		C836A80D1EB3BD2000498C11 /* ProyectoIOSFinalUITests */ = {
			isa = PBXGroup;
			children = (
				C836A80E1EB3BD2000498C11 /* ProyectoIOSFinalUITests.swift */,
				C836A8101EB3BD2000498C11 /* Info.plist */,
			);
			path = ProyectoIOSFinalUITests;
			sourceTree = "<group>";
		};
		C836A81C1EB3BF9100498C11 /* Entidades */ = {
			isa = PBXGroup;
			children = (
				C836A8201EB3C01D00498C11 /* ProductosEnt.swift */,
				C8A64F401EB3E9C9004BFCF2 /* CompraEnt.swift */,
				C8FB10E81EB6C91A00D09B08 /* TiendasEnt.swift */,
				C8FB10EC1EB6D15E00D09B08 /* UsuariosEnt.swift */,
			);
			name = Entidades;
			sourceTree = "<group>";
		};
		C836A81D1EB3BF9A00498C11 /* Servicios Web */ = {
			isa = PBXGroup;
			children = (
				C85169271EB3D4B2002B6FE0 /* ListarProductosWS.swift */,
				C8FB10E61EB6C8C200D09B08 /* ListarTiendasWS.swift */,
				C8FB10EA1EB6D14800D09B08 /* ListarUsuariosWS.swift */,
			);
			name = "Servicios Web";
			sourceTree = "<group>";
		};
		C836A81E1EB3BFAE00498C11 /* Controladores */ = {
			isa = PBXGroup;
			children = (
				C836A7ED1EB3BD1D00498C11 /* ViewController.swift */,
				C8A64F441EB3F39F004BFCF2 /* ComprasTableViewController.swift */,
				C8FB10E21EB6C42C00D09B08 /* MapaViewController.swift */,
			);
			name = Controladores;
			sourceTree = "<group>";
		};
		C836A81F1EB3BFC000498C11 /* Vistas */ = {
			isa = PBXGroup;
			children = (
				C836A7EF1EB3BD1E00498C11 /* Main.storyboard */,
				C851692B1EB3DCC2002B6FE0 /* itemCell.swift */,
				C8A64F421EB3EFCE004BFCF2 /* itemCompra.swift */,
			);
			name = Vistas;
			sourceTree = "<group>";
		};
/* End PBXGroup section */

/* Begin PBXNativeTarget section */
		C836A7E71EB3BD1C00498C11 /* ProyectoIOSFinal */ = {
			isa = PBXNativeTarget;
			buildConfigurationList = C836A8131EB3BD2000498C11 /* Build configuration list for PBXNativeTarget "ProyectoIOSFinal" */;
			buildPhases = (
				81616446550B75EEF0B237B4 /* [CP] Check Pods Manifest.lock */,
				C836A7E41EB3BD1C00498C11 /* Sources */,
				C836A7E51EB3BD1C00498C11 /* Frameworks */,
				C836A7E61EB3BD1C00498C11 /* Resources */,
				9356061218FF2309B5F5BA52 /* [CP] Embed Pods Frameworks */,
				1E9FA75A2E3CFB75A09C165B /* [CP] Copy Pods Resources */,
			);
			buildRules = (
			);
			dependencies = (
			);
			name = ProyectoIOSFinal;
			productName = ProyectoIOSFinal;
			productReference = C836A7E81EB3BD1C00498C11 /* ProyectoIOSFinal.app */;
			productType = "com.apple.product-type.application";
		};
		C836A7FE1EB3BD2000498C11 /* ProyectoIOSFinalTests */ = {
			isa = PBXNativeTarget;
			buildConfigurationList = C836A8161EB3BD2000498C11 /* Build configuration list for PBXNativeTarget "ProyectoIOSFinalTests" */;
			buildPhases = (
				C836A7FB1EB3BD2000498C11 /* Sources */,
				C836A7FC1EB3BD2000498C11 /* Frameworks */,
				C836A7FD1EB3BD2000498C11 /* Resources */,
			);
			buildRules = (
			);
			dependencies = (
				C836A8011EB3BD2000498C11 /* PBXTargetDependency */,
			);
			name = ProyectoIOSFinalTests;
			productName = ProyectoIOSFinalTests;
			productReference = C836A7FF1EB3BD2000498C11 /* ProyectoIOSFinalTests.xctest */;
			productType = "com.apple.product-type.bundle.unit-test";
		};
		C836A8091EB3BD2000498C11 /* ProyectoIOSFinalUITests */ = {
			isa = PBXNativeTarget;
			buildConfigurationList = C836A8191EB3BD2000498C11 /* Build configuration list for PBXNativeTarget "ProyectoIOSFinalUITests" */;
			buildPhases = (
				C836A8061EB3BD2000498C11 /* Sources */,
				C836A8071EB3BD2000498C11 /* Frameworks */,
				C836A8081EB3BD2000498C11 /* Resources */,
			);
			buildRules = (
			);
			dependencies = (
				C836A80C1EB3BD2000498C11 /* PBXTargetDependency */,
			);
			name = ProyectoIOSFinalUITests;
			productName = ProyectoIOSFinalUITests;
			productReference = C836A80A1EB3BD2000498C11 /* ProyectoIOSFinalUITests.xctest */;
			productType = "com.apple.product-type.bundle.ui-testing";
		};
/* End PBXNativeTarget section */

/* Begin PBXProject section */
		C836A7E01EB3BD1B00498C11 /* Project object */ = {
			isa = PBXProject;
			attributes = {
				LastSwiftUpdateCheck = 0820;
				LastUpgradeCheck = 0820;
				ORGANIZATIONNAME = "Carolina Mazzaglia";
				TargetAttributes = {
					C836A7E71EB3BD1C00498C11 = {
						CreatedOnToolsVersion = 8.2.1;
						DevelopmentTeam = SYDMD78H24;
						LastSwiftMigration = 0820;
						ProvisioningStyle = Automatic;
					};
					C836A7FE1EB3BD2000498C11 = {
						CreatedOnToolsVersion = 8.2.1;
						DevelopmentTeam = SYDMD78H24;
						ProvisioningStyle = Automatic;
						TestTargetID = C836A7E71EB3BD1C00498C11;
					};
					C836A8091EB3BD2000498C11 = {
						CreatedOnToolsVersion = 8.2.1;
						DevelopmentTeam = SYDMD78H24;
						ProvisioningStyle = Automatic;
						TestTargetID = C836A7E71EB3BD1C00498C11;
					};
				};
			};
			buildConfigurationList = C836A7E31EB3BD1B00498C11 /* Build configuration list for PBXProject "ProyectoIOSFinal" */;
			compatibilityVersion = "Xcode 3.2";
			developmentRegion = English;
			hasScannedForEncodings = 0;
			knownRegions = (
				en,
				Base,
			);
			mainGroup = C836A7DF1EB3BD1B00498C11;
			productRefGroup = C836A7E91EB3BD1C00498C11 /* Products */;
			projectDirPath = "";
			projectRoot = "";
			targets = (
				C836A7E71EB3BD1C00498C11 /* ProyectoIOSFinal */,
				C836A7FE1EB3BD2000498C11 /* ProyectoIOSFinalTests */,
				C836A8091EB3BD2000498C11 /* ProyectoIOSFinalUITests */,
			);
		};
/* End PBXProject section */

/* Begin PBXResourcesBuildPhase section */
		C836A7E61EB3BD1C00498C11 /* Resources */ = {
			isa = PBXResourcesBuildPhase;
			buildActionMask = 2147483647;
			files = (
				C836A7F91EB3BD1F00498C11 /* LaunchScreen.storyboard in Resources */,
				C836A7F61EB3BD1F00498C11 /* Assets.xcassets in Resources */,
				C836A7F11EB3BD1E00498C11 /* Main.storyboard in Resources */,
				C8FB10EF1EB6D28700D09B08 /* producto.jpg in Resources */,
			);
			runOnlyForDeploymentPostprocessing = 0;
		};
		C836A7FD1EB3BD2000498C11 /* Resources */ = {
			isa = PBXResourcesBuildPhase;
			buildActionMask = 2147483647;
			files = (
			);
			runOnlyForDeploymentPostprocessing = 0;
		};
		C836A8081EB3BD2000498C11 /* Resources */ = {
			isa = PBXResourcesBuildPhase;
			buildActionMask = 2147483647;
			files = (
			);
			runOnlyForDeploymentPostprocessing = 0;
		};
/* End PBXResourcesBuildPhase section */

/* Begin PBXShellScriptBuildPhase section */
		1E9FA75A2E3CFB75A09C165B /* [CP] Copy Pods Resources */ = {
			isa = PBXShellScriptBuildPhase;
			buildActionMask = 2147483647;
			files = (
			);
			inputPaths = (
			);
			name = "[CP] Copy Pods Resources";
			outputPaths = (
			);
			runOnlyForDeploymentPostprocessing = 0;
			shellPath = /bin/sh;
			shellScript = "\"${SRCROOT}/Pods/Target Support Files/Pods-ProyectoIOSFinal/Pods-ProyectoIOSFinal-resources.sh\"\n";
			showEnvVarsInLog = 0;
		};
		81616446550B75EEF0B237B4 /* [CP] Check Pods Manifest.lock */ = {
			isa = PBXShellScriptBuildPhase;
			buildActionMask = 2147483647;
			files = (
			);
			inputPaths = (
			);
			name = "[CP] Check Pods Manifest.lock";
			outputPaths = (
			);
			runOnlyForDeploymentPostprocessing = 0;
			shellPath = /bin/sh;
			shellScript = "diff \"${PODS_PODFILE_DIR_PATH}/Podfile.lock\" \"${PODS_ROOT}/Manifest.lock\" > /dev/null\nif [ $? != 0 ] ; then\n    # print error to STDERR\n    echo \"error: The sandbox is not in sync with the Podfile.lock. Run 'pod install' or update your CocoaPods installation.\" >&2\n    exit 1\nfi\n";
			showEnvVarsInLog = 0;
		};
		9356061218FF2309B5F5BA52 /* [CP] Embed Pods Frameworks */ = {
			isa = PBXShellScriptBuildPhase;
			buildActionMask = 2147483647;
			files = (
			);
			inputPaths = (
			);
			name = "[CP] Embed Pods Frameworks";
			outputPaths = (
			);
			runOnlyForDeploymentPostprocessing = 0;
			shellPath = /bin/sh;
			shellScript = "\"${SRCROOT}/Pods/Target Support Files/Pods-ProyectoIOSFinal/Pods-ProyectoIOSFinal-frameworks.sh\"\n";
			showEnvVarsInLog = 0;
		};
/* End PBXShellScriptBuildPhase section */

/* Begin PBXSourcesBuildPhase section */
		C836A7E41EB3BD1C00498C11 /* Sources */ = {
			isa = PBXSourcesBuildPhase;
			buildActionMask = 2147483647;
			files = (
				C8A64F411EB3E9C9004BFCF2 /* CompraEnt.swift in Sources */,
				C836A7EE1EB3BD1D00498C11 /* ViewController.swift in Sources */,
				C836A7F41EB3BD1F00498C11 /* ProyectoIOSFinal.xcdatamodeld in Sources */,
				C836A7EC1EB3BD1C00498C11 /* AppDelegate.swift in Sources */,
				C8FB10E91EB6C91A00D09B08 /* TiendasEnt.swift in Sources */,
				C8FB10EB1EB6D14900D09B08 /* ListarUsuariosWS.swift in Sources */,
				C8A64F451EB3F39F004BFCF2 /* ComprasTableViewController.swift in Sources */,
				C8FB10E71EB6C8C300D09B08 /* ListarTiendasWS.swift in Sources */,
				C8A64F431EB3EFCE004BFCF2 /* itemCompra.swift in Sources */,
				C85169281EB3D4B2002B6FE0 /* ListarProductosWS.swift in Sources */,
				C8FB10E31EB6C42C00D09B08 /* MapaViewController.swift in Sources */,
				C851692C1EB3DCC2002B6FE0 /* itemCell.swift in Sources */,
				C8FB10ED1EB6D15E00D09B08 /* UsuariosEnt.swift in Sources */,
				C836A8211EB3C01D00498C11 /* ProductosEnt.swift in Sources */,
				C8FB10E51EB6C77300D09B08 /* Marcador.swift in Sources */,
			);
			runOnlyForDeploymentPostprocessing = 0;
		};
		C836A7FB1EB3BD2000498C11 /* Sources */ = {
			isa = PBXSourcesBuildPhase;
			buildActionMask = 2147483647;
			files = (
				C836A8041EB3BD2000498C11 /* ProyectoIOSFinalTests.swift in Sources */,
			);
			runOnlyForDeploymentPostprocessing = 0;
		};
		C836A8061EB3BD2000498C11 /* Sources */ = {
			isa = PBXSourcesBuildPhase;
			buildActionMask = 2147483647;
			files = (
				C836A80F1EB3BD2000498C11 /* ProyectoIOSFinalUITests.swift in Sources */,
			);
			runOnlyForDeploymentPostprocessing = 0;
		};
/* End PBXSourcesBuildPhase section */

/* Begin PBXTargetDependency section */
		C836A8011EB3BD2000498C11 /* PBXTargetDependency */ = {
			isa = PBXTargetDependency;
			target = C836A7E71EB3BD1C00498C11 /* ProyectoIOSFinal */;
			targetProxy = C836A8001EB3BD2000498C11 /* PBXContainerItemProxy */;
		};
		C836A80C1EB3BD2000498C11 /* PBXTargetDependency */ = {
			isa = PBXTargetDependency;
			target = C836A7E71EB3BD1C00498C11 /* ProyectoIOSFinal */;
			targetProxy = C836A80B1EB3BD2000498C11 /* PBXContainerItemProxy */;
		};
/* End PBXTargetDependency section */

/* Begin PBXVariantGroup section */
		C836A7EF1EB3BD1E00498C11 /* Main.storyboard */ = {
			isa = PBXVariantGroup;
			children = (
				C836A7F01EB3BD1E00498C11 /* Base */,
			);
			name = Main.storyboard;
			sourceTree = "<group>";
		};
		C836A7F71EB3BD1F00498C11 /* LaunchScreen.storyboard */ = {
			isa = PBXVariantGroup;
			children = (
				C836A7F81EB3BD1F00498C11 /* Base */,
			);
			name = LaunchScreen.storyboard;
			sourceTree = "<group>";
		};
/* End PBXVariantGroup section */

/* Begin XCBuildConfiguration section */
		C836A8111EB3BD2000498C11 /* Debug */ = {
			isa = XCBuildConfiguration;
			buildSettings = {
				ALWAYS_SEARCH_USER_PATHS = NO;
				CLANG_ANALYZER_NONNULL = YES;
				CLANG_CXX_LANGUAGE_STANDARD = "gnu++0x";
				CLANG_CXX_LIBRARY = "libc++";
				CLANG_ENABLE_MODULES = YES;
				CLANG_ENABLE_OBJC_ARC = YES;
				CLANG_WARN_BOOL_CONVERSION = YES;
				CLANG_WARN_CONSTANT_CONVERSION = YES;
				CLANG_WARN_DIRECT_OBJC_ISA_USAGE = YES_ERROR;
				CLANG_WARN_DOCUMENTATION_COMMENTS = YES;
				CLANG_WARN_EMPTY_BODY = YES;
				CLANG_WARN_ENUM_CONVERSION = YES;
				CLANG_WARN_INFINITE_RECURSION = YES;
				CLANG_WARN_INT_CONVERSION = YES;
				CLANG_WARN_OBJC_ROOT_CLASS = YES_ERROR;
				CLANG_WARN_SUSPICIOUS_MOVE = YES;
				CLANG_WARN_UNREACHABLE_CODE = YES;
				CLANG_WARN__DUPLICATE_METHOD_MATCH = YES;
				"CODE_SIGN_IDENTITY[sdk=iphoneos*]" = "iPhone Developer";
				COPY_PHASE_STRIP = NO;
				DEBUG_INFORMATION_FORMAT = dwarf;
				ENABLE_STRICT_OBJC_MSGSEND = YES;
				ENABLE_TESTABILITY = YES;
				GCC_C_LANGUAGE_STANDARD = gnu99;
				GCC_DYNAMIC_NO_PIC = NO;
				GCC_NO_COMMON_BLOCKS = YES;
				GCC_OPTIMIZATION_LEVEL = 0;
				GCC_PREPROCESSOR_DEFINITIONS = (
					"DEBUG=1",
					"$(inherited)",
				);
				GCC_WARN_64_TO_32_BIT_CONVERSION = YES;
				GCC_WARN_ABOUT_RETURN_TYPE = YES_ERROR;
				GCC_WARN_UNDECLARED_SELECTOR = YES;
				GCC_WARN_UNINITIALIZED_AUTOS = YES_AGGRESSIVE;
				GCC_WARN_UNUSED_FUNCTION = YES;
				GCC_WARN_UNUSED_VARIABLE = YES;
				IPHONEOS_DEPLOYMENT_TARGET = 10.2;
				MTL_ENABLE_DEBUG_INFO = YES;
				ONLY_ACTIVE_ARCH = YES;
				SDKROOT = iphoneos;
				SWIFT_ACTIVE_COMPILATION_CONDITIONS = DEBUG;
				SWIFT_OPTIMIZATION_LEVEL = "-Onone";
				TARGETED_DEVICE_FAMILY = "1,2";
			};
			name = Debug;
		};
		C836A8121EB3BD2000498C11 /* Release */ = {
			isa = XCBuildConfiguration;
			buildSettings = {
				ALWAYS_SEARCH_USER_PATHS = NO;
				CLANG_ANALYZER_NONNULL = YES;
				CLANG_CXX_LANGUAGE_STANDARD = "gnu++0x";
				CLANG_CXX_LIBRARY = "libc++";
				CLANG_ENABLE_MODULES = YES;
				CLANG_ENABLE_OBJC_ARC = YES;
				CLANG_WARN_BOOL_CONVERSION = YES;
				CLANG_WARN_CONSTANT_CONVERSION = YES;
				CLANG_WARN_DIRECT_OBJC_ISA_USAGE = YES_ERROR;
				CLANG_WARN_DOCUMENTATION_COMMENTS = YES;
				CLANG_WARN_EMPTY_BODY = YES;
				CLANG_WARN_ENUM_CONVERSION = YES;
				CLANG_WARN_INFINITE_RECURSION = YES;
				CLANG_WARN_INT_CONVERSION = YES;
				CLANG_WARN_OBJC_ROOT_CLASS = YES_ERROR;
				CLANG_WARN_SUSPICIOUS_MOVE = YES;
				CLANG_WARN_UNREACHABLE_CODE = YES;
				CLANG_WARN__DUPLICATE_METHOD_MATCH = YES;
				"CODE_SIGN_IDENTITY[sdk=iphoneos*]" = "iPhone Developer";
				COPY_PHASE_STRIP = NO;
				DEBUG_INFORMATION_FORMAT = "dwarf-with-dsym";
				ENABLE_NS_ASSERTIONS = NO;
				ENABLE_STRICT_OBJC_MSGSEND = YES;
				GCC_C_LANGUAGE_STANDARD = gnu99;
				GCC_NO_COMMON_BLOCKS = YES;
				GCC_WARN_64_TO_32_BIT_CONVERSION = YES;
				GCC_WARN_ABOUT_RETURN_TYPE = YES_ERROR;
				GCC_WARN_UNDECLARED_SELECTOR = YES;
				GCC_WARN_UNINITIALIZED_AUTOS = YES_AGGRESSIVE;
				GCC_WARN_UNUSED_FUNCTION = YES;
				GCC_WARN_UNUSED_VARIABLE = YES;
				IPHONEOS_DEPLOYMENT_TARGET = 10.2;
				MTL_ENABLE_DEBUG_INFO = NO;
				SDKROOT = iphoneos;
				SWIFT_OPTIMIZATION_LEVEL = "-Owholemodule";
				TARGETED_DEVICE_FAMILY = "1,2";
				VALIDATE_PRODUCT = YES;
			};
			name = Release;
		};
		C836A8141EB3BD2000498C11 /* Debug */ = {
			isa = XCBuildConfiguration;
			baseConfigurationReference = 273611B44457372A3D85A759 /* Pods-ProyectoIOSFinal.debug.xcconfig */;
			buildSettings = {
				ASSETCATALOG_COMPILER_APPICON_NAME = AppIcon;
				CLANG_ENABLE_MODULES = YES;
				DEVELOPMENT_TEAM = SYDMD78H24;
				INFOPLIST_FILE = ProyectoIOSFinal/Info.plist;
				LD_RUNPATH_SEARCH_PATHS = "$(inherited) @executable_path/Frameworks";
				PRODUCT_BUNDLE_IDENTIFIER = Eurekatech.ProyectoIOSFinal;
				PRODUCT_NAME = "$(TARGET_NAME)";
				SWIFT_OBJC_BRIDGING_HEADER = "ProyectoIOSFinal/ProyectoIOSFinal-Bridging-Header.h";
				SWIFT_OPTIMIZATION_LEVEL = "-Onone";
				SWIFT_VERSION = 3.0;
			};
			name = Debug;
		};
		C836A8151EB3BD2000498C11 /* Release */ = {
			isa = XCBuildConfiguration;
			baseConfigurationReference = F4C74E80EA72B412A4C906D5 /* Pods-ProyectoIOSFinal.release.xcconfig */;
			buildSettings = {
				ASSETCATALOG_COMPILER_APPICON_NAME = AppIcon;
				CLANG_ENABLE_MODULES = YES;
				DEVELOPMENT_TEAM = SYDMD78H24;
				INFOPLIST_FILE = ProyectoIOSFinal/Info.plist;
				LD_RUNPATH_SEARCH_PATHS = "$(inherited) @executable_path/Frameworks";
				PRODUCT_BUNDLE_IDENTIFIER = Eurekatech.ProyectoIOSFinal;
				PRODUCT_NAME = "$(TARGET_NAME)";
				SWIFT_OBJC_BRIDGING_HEADER = "ProyectoIOSFinal/ProyectoIOSFinal-Bridging-Header.h";
				SWIFT_VERSION = 3.0;
			};
			name = Release;
		};
		C836A8171EB3BD2000498C11 /* Debug */ = {
			isa = XCBuildConfiguration;
			buildSettings = {
				ALWAYS_EMBED_SWIFT_STANDARD_LIBRARIES = YES;
				BUNDLE_LOADER = "$(TEST_HOST)";
				DEVELOPMENT_TEAM = SYDMD78H24;
				INFOPLIST_FILE = ProyectoIOSFinalTests/Info.plist;
				LD_RUNPATH_SEARCH_PATHS = "$(inherited) @executable_path/Frameworks @loader_path/Frameworks";
				PRODUCT_BUNDLE_IDENTIFIER = Eurekatech.ProyectoIOSFinalTests;
				PRODUCT_NAME = "$(TARGET_NAME)";
				SWIFT_VERSION = 3.0;
				TEST_HOST = "$(BUILT_PRODUCTS_DIR)/ProyectoIOSFinal.app/ProyectoIOSFinal";
			};
			name = Debug;
		};
		C836A8181EB3BD2000498C11 /* Release */ = {
			isa = XCBuildConfiguration;
			buildSettings = {
				ALWAYS_EMBED_SWIFT_STANDARD_LIBRARIES = YES;
				BUNDLE_LOADER = "$(TEST_HOST)";
				DEVELOPMENT_TEAM = SYDMD78H24;
				INFOPLIST_FILE = ProyectoIOSFinalTests/Info.plist;
				LD_RUNPATH_SEARCH_PATHS = "$(inherited) @executable_path/Frameworks @loader_path/Frameworks";
				PRODUCT_BUNDLE_IDENTIFIER = Eurekatech.ProyectoIOSFinalTests;
				PRODUCT_NAME = "$(TARGET_NAME)";
				SWIFT_VERSION = 3.0;
				TEST_HOST = "$(BUILT_PRODUCTS_DIR)/ProyectoIOSFinal.app/ProyectoIOSFinal";
			};
			name = Release;
		};
		C836A81A1EB3BD2000498C11 /* Debug */ = {
			isa = XCBuildConfiguration;
			buildSettings = {
				ALWAYS_EMBED_SWIFT_STANDARD_LIBRARIES = YES;
				DEVELOPMENT_TEAM = SYDMD78H24;
				INFOPLIST_FILE = ProyectoIOSFinalUITests/Info.plist;
				LD_RUNPATH_SEARCH_PATHS = "$(inherited) @executable_path/Frameworks @loader_path/Frameworks";
				PRODUCT_BUNDLE_IDENTIFIER = Eurekatech.ProyectoIOSFinalUITests;
				PRODUCT_NAME = "$(TARGET_NAME)";
				SWIFT_VERSION = 3.0;
				TEST_TARGET_NAME = ProyectoIOSFinal;
			};
			name = Debug;
		};
		C836A81B1EB3BD2000498C11 /* Release */ = {
			isa = XCBuildConfiguration;
			buildSettings = {
				ALWAYS_EMBED_SWIFT_STANDARD_LIBRARIES = YES;
				DEVELOPMENT_TEAM = SYDMD78H24;
				INFOPLIST_FILE = ProyectoIOSFinalUITests/Info.plist;
				LD_RUNPATH_SEARCH_PATHS = "$(inherited) @executable_path/Frameworks @loader_path/Frameworks";
				PRODUCT_BUNDLE_IDENTIFIER = Eurekatech.ProyectoIOSFinalUITests;
				PRODUCT_NAME = "$(TARGET_NAME)";
				SWIFT_VERSION = 3.0;
				TEST_TARGET_NAME = ProyectoIOSFinal;
			};
			name = Release;
		};
/* End XCBuildConfiguration section */

/* Begin XCConfigurationList section */
		C836A7E31EB3BD1B00498C11 /* Build configuration list for PBXProject "ProyectoIOSFinal" */ = {
			isa = XCConfigurationList;
			buildConfigurations = (
				C836A8111EB3BD2000498C11 /* Debug */,
				C836A8121EB3BD2000498C11 /* Release */,
			);
			defaultConfigurationIsVisible = 0;
			defaultConfigurationName = Release;
		};
		C836A8131EB3BD2000498C11 /* Build configuration list for PBXNativeTarget "ProyectoIOSFinal" */ = {
			isa = XCConfigurationList;
			buildConfigurations = (
				C836A8141EB3BD2000498C11 /* Debug */,
				C836A8151EB3BD2000498C11 /* Release */,
			);
			defaultConfigurationIsVisible = 0;
			defaultConfigurationName = Release;
		};
		C836A8161EB3BD2000498C11 /* Build configuration list for PBXNativeTarget "ProyectoIOSFinalTests" */ = {
			isa = XCConfigurationList;
			buildConfigurations = (
				C836A8171EB3BD2000498C11 /* Debug */,
				C836A8181EB3BD2000498C11 /* Release */,
			);
			defaultConfigurationIsVisible = 0;
			defaultConfigurationName = Release;
		};
		C836A8191EB3BD2000498C11 /* Build configuration list for PBXNativeTarget "ProyectoIOSFinalUITests" */ = {
			isa = XCConfigurationList;
			buildConfigurations = (
				C836A81A1EB3BD2000498C11 /* Debug */,
				C836A81B1EB3BD2000498C11 /* Release */,
			);
			defaultConfigurationIsVisible = 0;
			defaultConfigurationName = Release;
		};
/* End XCConfigurationList section */

/* Begin XCVersionGroup section */
		C836A7F21EB3BD1E00498C11 /* ProyectoIOSFinal.xcdatamodeld */ = {
			isa = XCVersionGroup;
			children = (
				C836A7F31EB3BD1E00498C11 /* ProyectoIOSFinal.xcdatamodel */,
			);
			currentVersion = C836A7F31EB3BD1E00498C11 /* ProyectoIOSFinal.xcdatamodel */;
			path = ProyectoIOSFinal.xcdatamodeld;
			sourceTree = "<group>";
			versionGroupType = wrapper.xcdatamodel;
		};
/* End XCVersionGroup section */
	};
	rootObject = C836A7E01EB3BD1B00498C11 /* Project object */;
}
